
Microsoft Visual Studio Solution File, Format Version 12.00
# Visual Studio Version 17
VisualStudioVersion = 17.4.33213.308
MinimumVisualStudioVersion = 10.0.40219.1
Project("{FAE04EC0-301F-11D3-BF4B-00C04F79EFBC}") = "MODUL7_GROUP5", "MODUL7_GROUP5\MODUL7_GROUP5.csproj", "{A4310A40-C329-49B1-8AEA-93D3C5180B1B}"
EndProject
Global
	GlobalSection(SolutionConfigurationPlatforms) = preSolution
		Debug|Any CPU = Debug|Any CPU
		Release|Any CPU = Release|Any CPU
	EndGlobalSection
	GlobalSection(ProjectConfigurationPlatforms) = postSolution
		{A4310A40-C329-49B1-8AEA-93D3C5180B1B}.Debug|Any CPU.ActiveCfg = Debug|Any CPU
		{A4310A40-C329-49B1-8AEA-93D3C5180B1B}.Debug|Any CPU.Build.0 = Debug|Any CPU
		{A4310A40-C329-49B1-8AEA-93D3C5180B1B}.Release|Any CPU.ActiveCfg = Release|Any CPU
		{A4310A40-C329-49B1-8AEA-93D3C5180B1B}.Release|Any CPU.Build.0 = Release|Any CPU
	EndGlobalSection
	GlobalSection(SolutionProperties) = preSolution
		HideSolutionNode = FALSE
	EndGlobalSection
	GlobalSection(ExtensibilityGlobals) = postSolution
		SolutionGuid = {E703595F-E213-429D-A50E-C22CAAC8CA32}
	EndGlobalSection
EndGlobal
